// !$*UTF8*$!
{
	archiveVersion = 1;
	classes = {
	};
	objectVersion = 46;
	objects = {

/* Begin PBXBuildFile section */
		18B452F41B1D4D2A0000158F /* main.m in Sources */ = {isa = PBXBuildFile; fileRef = 18B452F31B1D4D2A0000158F /* main.m */; };
		18B452F71B1D4D2A0000158F /* AppDelegate.m in Sources */ = {isa = PBXBuildFile; fileRef = 18B452F61B1D4D2A0000158F /* AppDelegate.m */; };
		18B452FA1B1D4D2A0000158F /* ViewController.m in Sources */ = {isa = PBXBuildFile; fileRef = 18B452F91B1D4D2A0000158F /* ViewController.m */; };
		18B452FD1B1D4D2A0000158F /* Main.storyboard in Resources */ = {isa = PBXBuildFile; fileRef = 18B452FB1B1D4D2A0000158F /* Main.storyboard */; };
		18B452FF1B1D4D2A0000158F /* Images.xcassets in Resources */ = {isa = PBXBuildFile; fileRef = 18B452FE1B1D4D2A0000158F /* Images.xcassets */; };
		18B453021B1D4D2A0000158F /* LaunchScreen.xib in Resources */ = {isa = PBXBuildFile; fileRef = 18B453001B1D4D2A0000158F /* LaunchScreen.xib */; };
		18B4530E1B1D4D2A0000158F /* Guess_imageTests.m in Sources */ = {isa = PBXBuildFile; fileRef = 18B4530D1B1D4D2A0000158F /* Guess_imageTests.m */; };
/* End PBXBuildFile section */

/* Begin PBXContainerItemProxy section */
		18B453081B1D4D2A0000158F /* PBXContainerItemProxy */ = {
			isa = PBXContainerItemProxy;
			containerPortal = 18B452E61B1D4D2A0000158F /* Project object */;
			proxyType = 1;
			remoteGlobalIDString = 18B452ED1B1D4D2A0000158F;
			remoteInfo = Guess_image;
		};
/* End PBXContainerItemProxy section */

/* Begin PBXFileReference section */
		18B452EE1B1D4D2A0000158F /* Guess_image.app */ = {isa = PBXFileReference; explicitFileType = wrapper.application; includeInIndex = 0; path = Guess_image.app; sourceTree = BUILT_PRODUCTS_DIR; };
		18B452F21B1D4D2A0000158F /* Info.plist */ = {isa = PBXFileReference; lastKnownFileType = text.plist.xml; path = Info.plist; sourceTree = "<group>"; };
		18B452F31B1D4D2A0000158F /* main.m */ = {isa = PBXFileReference; lastKnownFileType = sourcecode.c.objc; path = main.m; sourceTree = "<group>"; };
		18B452F51B1D4D2A0000158F /* AppDelegate.h */ = {isa = PBXFileReference; lastKnownFileType = sourcecode.c.h; path = AppDelegate.h; sourceTree = "<group>"; };
		18B452F61B1D4D2A0000158F /* AppDelegate.m */ = {isa = PBXFileReference; lastKnownFileType = sourcecode.c.objc; path = AppDelegate.m; sourceTree = "<group>"; };
		18B452F81B1D4D2A0000158F /* ViewController.h */ = {isa = PBXFileReference; lastKnownFileType = sourcecode.c.h; path = ViewController.h; sourceTree = "<group>"; };
		18B452F91B1D4D2A0000158F /* ViewController.m */ = {isa = PBXFileReference; lastKnownFileType = sourcecode.c.objc; path = ViewController.m; sourceTree = "<group>"; };
		18B452FC1B1D4D2A0000158F /* Base */ = {isa = PBXFileReference; lastKnownFileType = file.storyboard; name = Base; path = Base.lproj/Main.storyboard; sourceTree = "<group>"; };
		18B452FE1B1D4D2A0000158F /* Images.xcassets */ = {isa = PBXFileReference; lastKnownFileType = folder.assetcatalog; path = Images.xcassets; sourceTree = "<group>"; };
		18B453011B1D4D2A0000158F /* Base */ = {isa = PBXFileReference; lastKnownFileType = file.xib; name = Base; path = Base.lproj/LaunchScreen.xib; sourceTree = "<group>"; };
		18B453071B1D4D2A0000158F /* Guess_imageTests.xctest */ = {isa = PBXFileReference; explicitFileType = wrapper.cfbundle; includeInIndex = 0; path = Guess_imageTests.xctest; sourceTree = BUILT_PRODUCTS_DIR; };
		18B4530C1B1D4D2A0000158F /* Info.plist */ = {isa = PBXFileReference; lastKnownFileType = text.plist.xml; path = Info.plist; sourceTree = "<group>"; };
		18B4530D1B1D4D2A0000158F /* Guess_imageTests.m */ = {isa = PBXFileReference; lastKnownFileType = sourcecode.c.objc; path = Guess_imageTests.m; sourceTree = "<group>"; };
/* End PBXFileReference section */

/* Begin PBXFrameworksBuildPhase section */
		18B452EB1B1D4D2A0000158F /* Frameworks */ = {
			isa = PBXFrameworksBuildPhase;
			buildActionMask = 2147483647;
			files = (
			);
			runOnlyForDeploymentPostprocessing = 0;
		};
		18B453041B1D4D2A0000158F /* Frameworks */ = {
			isa = PBXFrameworksBuildPhase;
			buildActionMask = 2147483647;
			files = (
			);
			runOnlyForDeploymentPostprocessing = 0;
		};
/* End PBXFrameworksBuildPhase section */

/* Begin PBXGroup section */
		18B452E51B1D4D2A0000158F = {
			isa = PBXGroup;
			children = (
				18B452F01B1D4D2A0000158F /* Guess_image */,
				18B4530A1B1D4D2A0000158F /* Guess_imageTests */,
				18B452EF1B1D4D2A0000158F /* Products */,
			);
			sourceTree = "<group>";
		};
		18B452EF1B1D4D2A0000158F /* Products */ = {
			isa = PBXGroup;
			children = (
				18B452EE1B1D4D2A0000158F /* Guess_image.app */,
				18B453071B1D4D2A0000158F /* Guess_imageTests.xctest */,
			);
			name = Products;
			sourceTree = "<group>";
		};
		18B452F01B1D4D2A0000158F /* Guess_image */ = {
			isa = PBXGroup;
			children = (
				18B452F51B1D4D2A0000158F /* AppDelegate.h */,
				18B452F61B1D4D2A0000158F /* AppDelegate.m */,
				18B452F81B1D4D2A0000158F /* ViewController.h */,
				18B452F91B1D4D2A0000158F /* ViewController.m */,
				18B452FB1B1D4D2A0000158F /* Main.storyboard */,
				18B452FE1B1D4D2A0000158F /* Images.xcassets */,
				18B453001B1D4D2A0000158F /* LaunchScreen.xib */,
				18B452F11B1D4D2A0000158F /* Supporting Files */,
			);
			path = Guess_image;
			sourceTree = "<group>";
		};
		18B452F11B1D4D2A0000158F /* Supporting Files */ = {
			isa = PBXGroup;
			children = (
				18B452F21B1D4D2A0000158F /* Info.plist */,
				18B452F31B1D4D2A0000158F /* main.m */,
			);
			name = "Supporting Files";
			sourceTree = "<group>";
		};
		18B4530A1B1D4D2A0000158F /* Guess_imageTests */ = {
			isa = PBXGroup;
			children = (
				18B4530D1B1D4D2A0000158F /* Guess_imageTests.m */,
				18B4530B1B1D4D2A0000158F /* Supporting Files */,
			);
			path = Guess_imageTests;
			sourceTree = "<group>";
		};
		18B4530B1B1D4D2A0000158F /* Supporting Files */ = {
			isa = PBXGroup;
			children = (
				18B4530C1B1D4D2A0000158F /* Info.plist */,
			);
			name = "Supporting Files";
			sourceTree = "<group>";
		};
/* End PBXGroup section */

/* Begin PBXNativeTarget section */
		18B452ED1B1D4D2A0000158F /* Guess_image */ = {
			isa = PBXNativeTarget;
			buildConfigurationList = 18B453111B1D4D2A0000158F /* Build configuration list for PBXNativeTarget "Guess_image" */;
			buildPhases = (
				18B452EA1B1D4D2A0000158F /* Sources */,
				18B452EB1B1D4D2A0000158F /* Frameworks */,
				18B452EC1B1D4D2A0000158F /* Resources */,
			);
			buildRules = (
			);
			dependencies = (
			);
			name = Guess_image;
			productName = Guess_image;
			productReference = 18B452EE1B1D4D2A0000158F /* Guess_image.app */;
			productType = "com.apple.product-type.application";
		};
		18B453061B1D4D2A0000158F /* Guess_imageTests */ = {
			isa = PBXNativeTarget;
			buildConfigurationList = 18B453141B1D4D2A0000158F /* Build configuration list for PBXNativeTarget "Guess_imageTests" */;
			buildPhases = (
				18B453031B1D4D2A0000158F /* Sources */,
				18B453041B1D4D2A0000158F /* Frameworks */,
				18B453051B1D4D2A0000158F /* Resources */,
			);
			buildRules = (
			);
			dependencies = (
				18B453091B1D4D2A0000158F /* PBXTargetDependency */,
			);
			name = Guess_imageTests;
			productName = Guess_imageTests;
			productReference = 18B453071B1D4D2A0000158F /* Guess_imageTests.xctest */;
			productType = "com.apple.product-type.bundle.unit-test";
		};
/* End PBXNativeTarget section */

/* Begin PBXProject section */
		18B452E61B1D4D2A0000158F /* Project object */ = {
			isa = PBXProject;
			attributes = {
				LastUpgradeCheck = 0630;
				ORGANIZATIONNAME = apple;
				TargetAttributes = {
					18B452ED1B1D4D2A0000158F = {
						CreatedOnToolsVersion = 6.3.2;
					};
					18B453061B1D4D2A0000158F = {
						CreatedOnToolsVersion = 6.3.2;
						TestTargetID = 18B452ED1B1D4D2A0000158F;
					};
				};
			};
			buildConfigurationList = 18B452E91B1D4D2A0000158F /* Build configuration list for PBXProject "Guess_image" */;
			compatibilityVersion = "Xcode 3.2";
			developmentRegion = English;
			hasScannedForEncodings = 0;
			knownRegions = (
				en,
				Base,
			);
			mainGroup = 18B452E51B1D4D2A0000158F;
			productRefGroup = 18B452EF1B1D4D2A0000158F /* Products */;
			projectDirPath = "";
			projectRoot = "";
			targets = (
				18B452ED1B1D4D2A0000158F /* Guess_image */,
				18B453061B1D4D2A0000158F /* Guess_imageTests */,
			);
		};
/* End PBXProject section */

/* Begin PBXResourcesBuildPhase section */
		18B452EC1B1D4D2A0000158F /* Resources */ = {
			isa = PBXResourcesBuildPhase;
			buildActionMask = 2147483647;
			files = (
				18B452FD1B1D4D2A0000158F /* Main.storyboard in Resources */,
				18B453021B1D4D2A0000158F /* LaunchScreen.xib in Resources */,
				18B452FF1B1D4D2A0000158F /* Images.xcassets in Resources */,
			);
			runOnlyForDeploymentPostprocessing = 0;
		};
		18B453051B1D4D2A0000158F /* Resources */ = {
			isa = PBXResourcesBuildPhase;
			buildActionMask = 2147483647;
			files = (
			);
			runOnlyForDeploymentPostprocessing = 0;
		};
/* End PBXResourcesBuildPhase section */

/* Begin PBXSourcesBuildPhase section */
		18B452EA1B1D4D2A0000158F /* Sources */ = {
			isa = PBXSourcesBuildPhase;
			buildActionMask = 2147483647;
			files = (
				18B452FA1B1D4D2A0000158F /* ViewController.m in Sources */,
				18B452F71B1D4D2A0000158F /* AppDelegate.m in Sources */,
				18B452F41B1D4D2A0000158F /* main.m in Sources */,
			);
			runOnlyForDeploymentPostprocessing = 0;
		};
		18B453031B1D4D2A0000158F /* Sources */ = {
			isa = PBXSourcesBuildPhase;
			buildActionMask = 2147483647;
			files = (
				18B4530E1B1D4D2A0000158F /* Guess_imageTests.m in Sources */,
			);
			runOnlyForDeploymentPostprocessing = 0;
		};
/* End PBXSourcesBuildPhase section */

/* Begin PBXTargetDependency section */
		18B453091B1D4D2A0000158F /* PBXTargetDependency */ = {
			isa = PBXTargetDependency;
			target = 18B452ED1B1D4D2A0000158F /* Guess_image */;
			targetProxy = 18B453081B1D4D2A0000158F /* PBXContainerItemProxy */;
		};
/* End PBXTargetDependency section */

/* Begin PBXVariantGroup section */
		18B452FB1B1D4D2A0000158F /* Main.storyboard */ = {
			isa = PBXVariantGroup;
			children = (
				18B452FC1B1D4D2A0000158F /* Base */,
			);
			name = Main.storyboard;
			sourceTree = "<group>";
		};
		18B453001B1D4D2A0000158F /* LaunchScreen.xib */ = {
			isa = PBXVariantGroup;
			children = (
				18B453011B1D4D2A0000158F /* Base */,
			);
			name = LaunchScreen.xib;
			sourceTree = "<group>";
		};
/* End PBXVariantGroup section */

/* Begin XCBuildConfiguration section */
		18B4530F1B1D4D2A0000158F /* Debug */ = {
			isa = XCBuildConfiguration;
			buildSettings = {
				ALWAYS_SEARCH_USER_PATHS = NO;
				CLANG_CXX_LANGUAGE_STANDARD = "gnu++0x";
				CLANG_CXX_LIBRARY = "libc++";
				CLANG_ENABLE_MODULES = YES;
				CLANG_ENABLE_OBJC_ARC = YES;
				CLANG_WARN_BOOL_CONVERSION = YES;
				CLANG_WARN_CONSTANT_CONVERSION = YES;
				CLANG_WARN_DIRECT_OBJC_ISA_USAGE = YES_ERROR;
				CLANG_WARN_EMPTY_BODY = YES;
				CLANG_WARN_ENUM_CONVERSION = YES;
				CLANG_WARN_INT_CONVERSION = YES;
				CLANG_WARN_OBJC_ROOT_CLASS = YES_ERROR;
				CLANG_WARN_UNREACHABLE_CODE = YES;
				CLANG_WARN__DUPLICATE_METHOD_MATCH = YES;
				"CODE_SIGN_IDENTITY[sdk=iphoneos*]" = "iPhone Developer";
				COPY_PHASE_STRIP = NO;
				DEBUG_INFORMATION_FORMAT = "dwarf-with-dsym";
				ENABLE_STRICT_OBJC_MSGSEND = YES;
				GCC_C_LANGUAGE_STANDARD = gnu99;
				GCC_DYNAMIC_NO_PIC = NO;
				GCC_NO_COMMON_BLOCKS = YES;
				GCC_OPTIMIZATION_LEVEL = 0;
				GCC_PREPROCESSOR_DEFINITIONS = (
					"DEBUG=1",
					"$(inherited)",
				);
				GCC_SYMBOLS_PRIVATE_EXTERN = NO;
				GCC_WARN_64_TO_32_BIT_CONVERSION = YES;
				GCC_WARN_ABOUT_RETURN_TYPE = YES_ERROR;
				GCC_WARN_UNDECLARED_SELECTOR = YES;
				GCC_WARN_UNINITIALIZED_AUTOS = YES_AGGRESSIVE;
				GCC_WARN_UNUSED_FUNCTION = YES;
				GCC_WARN_UNUSED_VARIABLE = YES;
				IPHONEOS_DEPLOYMENT_TARGET = 8.3;
				MTL_ENABLE_DEBUG_INFO = YES;
				ONLY_ACTIVE_ARCH = YES;
				SDKROOT = iphoneos;
				TARGETED_DEVICE_FAMILY = "1,2";
			};
			name = Debug;
		};
		18B453101B1D4D2A0000158F /* Release */ = {
			isa = XCBuildConfiguration;
			buildSettings = {
				ALWAYS_SEARCH_USER_PATHS = NO;
				CLANG_CXX_LANGUAGE_STANDARD = "gnu++0x";
				CLANG_CXX_LIBRARY = "libc++";
				CLANG_ENABLE_MODULES = YES;
				CLANG_ENABLE_OBJC_ARC = YES;
				CLANG_WARN_BOOL_CONVERSION = YES;
				CLANG_WARN_CONSTANT_CONVERSION = YES;
				CLANG_WARN_DIRECT_OBJC_ISA_USAGE = YES_ERROR;
				CLANG_WARN_EMPTY_BODY = YES;
				CLANG_WARN_ENUM_CONVERSION = YES;
				CLANG_WARN_INT_CONVERSION = YES;
				CLANG_WARN_OBJC_ROOT_CLASS = YES_ERROR;
				CLANG_WARN_UNREACHABLE_CODE = YES;
				CLANG_WARN__DUPLICATE_METHOD_MATCH = YES;
				"CODE_SIGN_IDENTITY[sdk=iphoneos*]" = "iPhone Developer";
				COPY_PHASE_STRIP = NO;
				DEBUG_INFORMATION_FORMAT = "dwarf-with-dsym";
				ENABLE_NS_ASSERTIONS = NO;
				ENABLE_STRICT_OBJC_MSGSEND = YES;
				GCC_C_LANGUAGE_STANDARD = gnu99;
				GCC_NO_COMMON_BLOCKS = YES;
				GCC_WARN_64_TO_32_BIT_CONVERSION = YES;
				GCC_WARN_ABOUT_RETURN_TYPE = YES_ERROR;
				GCC_WARN_UNDECLARED_SELECTOR = YES;
				GCC_WARN_UNINITIALIZED_AUTOS = YES_AGGRESSIVE;
				GCC_WARN_UNUSED_FUNCTION = YES;
				GCC_WARN_UNUSED_VARIABLE = YES;
				IPHONEOS_DEPLOYMENT_TARGET = 8.3;
				MTL_ENABLE_DEBUG_INFO = NO;
				SDKROOT = iphoneos;
				TARGETED_DEVICE_FAMILY = "1,2";
				VALIDATE_PRODUCT = YES;
			};
			name = Release;
		};
		18B453121B1D4D2A0000158F /* Debug */ = {
			isa = XCBuildConfiguration;
			buildSettings = {
				ASSETCATALOG_COMPILER_APPICON_NAME = AppIcon;
				INFOPLIST_FILE = Guess_image/Info.plist;
				LD_RUNPATH_SEARCH_PATHS = "$(inherited) @executable_path/Frameworks";
				PRODUCT_NAME = "$(TARGET_NAME)";
			};
			name = Debug;
		};
		18B453131B1D4D2A0000158F /* Release */ = {
			isa = XCBuildConfiguration;
			buildSettings = {
				ASSETCATALOG_COMPILER_APPICON_NAME = AppIcon;
				INFOPLIST_FILE = Guess_image/Info.plist;
				LD_RUNPATH_SEARCH_PATHS = "$(inherited) @executable_path/Frameworks";
				PRODUCT_NAME = "$(TARGET_NAME)";
			};
			name = Release;
		};
		18B453151B1D4D2A0000158F /* Debug */ = {
			isa = XCBuildConfiguration;
			buildSettings = {
				BUNDLE_LOADER = "$(TEST_HOST)";
				FRAMEWORK_SEARCH_PATHS = (
					"$(SDKROOT)/Developer/Library/Frameworks",
					"$(inherited)",
				);
				GCC_PREPROCESSOR_DEFINITIONS = (
					"DEBUG=1",
					"$(inherited)",
				);
				INFOPLIST_FILE = Guess_imageTests/Info.plist;
				LD_RUNPATH_SEARCH_PATHS = "$(inherited) @executable_path/Frameworks @loader_path/Frameworks";
				PRODUCT_NAME = "$(TARGET_NAME)";
				TEST_HOST = "$(BUILT_PRODUCTS_DIR)/Guess_image.app/Guess_image";
			};
			name = Debug;
		};
		18B453161B1D4D2A0000158F /* Release */ = {
			isa = XCBuildConfiguration;
			buildSettings = {
				BUNDLE_LOADER = "$(TEST_HOST)";
				FRAMEWORK_SEARCH_PATHS = (
					"$(SDKROOT)/Developer/Library/Frameworks",
					"$(inherited)",
				);
				INFOPLIST_FILE = Guess_imageTests/Info.plist;
				LD_RUNPATH_SEARCH_PATHS = "$(inherited) @executable_path/Frameworks @loader_path/Frameworks";
				PRODUCT_NAME = "$(TARGET_NAME)";
				TEST_HOST = "$(BUILT_PRODUCTS_DIR)/Guess_image.app/Guess_image";
			};
			name = Release;
		};
/* End XCBuildConfiguration section */

/* Begin XCConfigurationList section */
		18B452E91B1D4D2A0000158F /* Build configuration list for PBXProject "Guess_image" */ = {
			isa = XCConfigurationList;
			buildConfigurations = (
				18B4530F1B1D4D2A0000158F /* Debug */,
				18B453101B1D4D2A0000158F /* Release */,
			);
			defaultConfigurationIsVisible = 0;
			defaultConfigurationName = Release;
		};
		18B453111B1D4D2A0000158F /* Build configuration list for PBXNativeTarget "Guess_image" */ = {
			isa = XCConfigurationList;
			buildConfigurations = (
				18B453121B1D4D2A0000158F /* Debug */,
				18B453131B1D4D2A0000158F /* Release */,
			);
			defaultConfigurationIsVisible = 0;
		};
		18B453141B1D4D2A0000158F /* Build configuration list for PBXNativeTarget "Guess_imageTests" */ = {
			isa = XCConfigurationList;
			buildConfigurations = (
				18B453151B1D4D2A0000158F /* Debug */,
				18B453161B1D4D2A0000158F /* Release */,
			);
			defaultConfigurationIsVisible = 0;
		};
/* End XCConfigurationList section */
	};
	rootObject = 18B452E61B1D4D2A0000158F /* Project object */;
}
